
Microsoft Visual Studio Solution File, Format Version 12.00
# Visual Studio Version 17
VisualStudioVersion = 17.2.32616.157
MinimumVisualStudioVersion = 10.0.40219.1
Project("{9A19103F-16F7-4668-BE54-9A1E7A4F7556}") = "DasLenpai", "DasLenpai\DasLenpai.csproj", "{76A58782-BAEB-4C68-A3EB-14521D2465CA}"
EndProject
Project("{FAE04EC0-301F-11D3-BF4B-00C04F79EFBC}") = "LenpaiPlayground", "LenpaiPlayground\LenpaiPlayground.csproj", "{F02A8629-7B96-4715-AB46-7CCE59F0FB58}"
EndProject
Global
	GlobalSection(SolutionConfigurationPlatforms) = preSolution
		Debug|Any CPU = Debug|Any CPU
		Release|Any CPU = Release|Any CPU
	EndGlobalSection
	GlobalSection(ProjectConfigurationPlatforms) = postSolution
		{76A58782-BAEB-4C68-A3EB-14521D2465CA}.Debug|Any CPU.ActiveCfg = Debug|Any CPU
		{76A58782-BAEB-4C68-A3EB-14521D2465CA}.Debug|Any CPU.Build.0 = Debug|Any CPU
		{76A58782-BAEB-4C68-A3EB-14521D2465CA}.Release|Any CPU.ActiveCfg = Release|Any CPU
		{76A58782-BAEB-4C68-A3EB-14521D2465CA}.Release|Any CPU.Build.0 = Release|Any CPU
		{F02A8629-7B96-4715-AB46-7CCE59F0FB58}.Debug|Any CPU.ActiveCfg = Debug|Any CPU
		{F02A8629-7B96-4715-AB46-7CCE59F0FB58}.Debug|Any CPU.Build.0 = Debug|Any CPU
		{F02A8629-7B96-4715-AB46-7CCE59F0FB58}.Release|Any CPU.ActiveCfg = Release|Any CPU
		{F02A8629-7B96-4715-AB46-7CCE59F0FB58}.Release|Any CPU.Build.0 = Release|Any CPU
	EndGlobalSection
	GlobalSection(SolutionProperties) = preSolution
		HideSolutionNode = FALSE
	EndGlobalSection
	GlobalSection(ExtensibilityGlobals) = postSolution
		SolutionGuid = {0F46B0EA-2EF5-473A-8D7F-A978AE880182}
	EndGlobalSection
EndGlobal
